
Microsoft Visual Studio Solution File, Format Version 12.00
# Visual Studio Version 17
VisualStudioVersion = 17.14.37216.2
MinimumVisualStudioVersion = 10.0.40219.1
Project("{FAE04EC0-301F-11D3-BF4B-00C04F79EFBC}") = "CeoShoot", "CeoShoot\CeoShoot.csproj", "{9AE93F5B-12D5-4C44-988D-74C55EB390E5}"
EndProject
Global
	GlobalSection(SolutionConfigurationPlatforms) = preSolution
		Debug|Any CPU = Debug|Any CPU
		Release|Any CPU = Release|Any CPU
	EndGlobalSection
	GlobalSection(ProjectConfigurationPlatforms) = postSolution
		{9AE93F5B-12D5-4C44-988D-74C55EB390E5}.Debug|Any CPU.ActiveCfg = Debug|Any CPU
		{9AE93F5B-12D5-4C44-988D-74C55EB390E5}.Debug|Any CPU.Build.0 = Debug|Any CPU
		{9AE93F5B-12D5-4C44-988D-74C55EB390E5}.Release|Any CPU.ActiveCfg = Release|Any CPU
		{9AE93F5B-12D5-4C44-988D-74C55EB390E5}.Release|Any CPU.Build.0 = Release|Any CPU
	EndGlobalSection
	GlobalSection(SolutionProperties) = preSolution
		HideSolutionNode = FALSE
	EndGlobalSection
	GlobalSection(ExtensibilityGlobals) = postSolution
		SolutionGuid = {69692EE8-EE36-4192-8151-0E416C134414}
	EndGlobalSection
EndGlobal
